
Microsoft Visual Studio Solution File, Format Version 12.00
# Visual Studio Version 17
VisualStudioVersion = 17.6.33815.320
MinimumVisualStudioVersion = 10.0.40219.1
Project("{FAE04EC0-301F-11D3-BF4B-00C04F79EFBC}") = "ParcialProgramacion.Consola", "ParcialProgramacion.Consola\ParcialProgramacion.Consola.csproj", "{0D340AED-1A33-4CDE-A0C3-7428E9510B1E}"
EndProject
Project("{FAE04EC0-301F-11D3-BF4B-00C04F79EFBC}") = "ParcialProgramacion.Windows", "ParcialProgramacion.Windows\ParcialProgramacion.Windows.csproj", "{D1FB7A62-B499-4A97-899D-042B5CCBF068}"
EndProject
Global
	GlobalSection(SolutionConfigurationPlatforms) = preSolution
		Debug|Any CPU = Debug|Any CPU
		Release|Any CPU = Release|Any CPU
	EndGlobalSection
	GlobalSection(ProjectConfigurationPlatforms) = postSolution
		{0D340AED-1A33-4CDE-A0C3-7428E9510B1E}.Debug|Any CPU.ActiveCfg = Debug|Any CPU
		{0D340AED-1A33-4CDE-A0C3-7428E9510B1E}.Debug|Any CPU.Build.0 = Debug|Any CPU
		{0D340AED-1A33-4CDE-A0C3-7428E9510B1E}.Release|Any CPU.ActiveCfg = Release|Any CPU
		{0D340AED-1A33-4CDE-A0C3-7428E9510B1E}.Release|Any CPU.Build.0 = Release|Any CPU
		{D1FB7A62-B499-4A97-899D-042B5CCBF068}.Debug|Any CPU.ActiveCfg = Debug|Any CPU
		{D1FB7A62-B499-4A97-899D-042B5CCBF068}.Debug|Any CPU.Build.0 = Debug|Any CPU
		{D1FB7A62-B499-4A97-899D-042B5CCBF068}.Release|Any CPU.ActiveCfg = Release|Any CPU
		{D1FB7A62-B499-4A97-899D-042B5CCBF068}.Release|Any CPU.Build.0 = Release|Any CPU
	EndGlobalSection
	GlobalSection(SolutionProperties) = preSolution
		HideSolutionNode = FALSE
	EndGlobalSection
	GlobalSection(ExtensibilityGlobals) = postSolution
		SolutionGuid = {124BD534-8348-4B2A-A347-D6E263CBAE45}
	EndGlobalSection
EndGlobal
